{
  "name": "colombinisnc",
  "version": "1.0.0",
  "lockfileVersion": 3,
  "requires": true,
  "packages": {
    "": {
      "name": "colombinisnc",
      "version": "1.0.0",
      "license": "ISC",
      "dependencies": {
        "@fortawesome/fontawesome-free": "^7.3.1",
        "@popperjs/core": "^2.11.8",
        "admin-lte": "^4.10.0",
        "bootstrap": "^5.3.8",
        "bootstrap-icons": "^1.13.1",
        "datatables.net": "^3.1.3",
        "datatables.net-bs5": "^3.1.3",
        "datatables.net-responsive": "^4.1.1",
        "datatables.net-responsive-bs5": "^4.1.1",
        "fullcalendar": "^6.1.21",
        "leaflet": "^1.9.4",
        "overlayscrollbars": "^2.16.0",
        "tom-select": "^2.6.2"
      }
    },
    "node_modules/@fortawesome/fontawesome-free": {
      "version": "7.3.1",
      "resolved": "https://registry.npmjs.org/@fortawesome/fontawesome-free/-/fontawesome-free-7.3.1.tgz",
      "integrity": "sha512-wmglKKPDIkgV3aWlZzWECCPoGIkYCulzBwxG9+w7rc5BGapZ6cPMpoPOT8k36J0Ni7PPX6c/rsoMWfS4d1MUMg==",
      "license": "(CC-BY-4.0 AND OFL-1.1 AND MIT)",
      "engines": {
        "node": ">=6"
      }
    },
    "node_modules/@fullcalendar/core": {
      "version": "6.1.21",
      "resolved": "https://registry.npmjs.org/@fullcalendar/core/-/core-6.1.21.tgz",
      "integrity": "sha512-t3u/+sqh3Iq7TWtUnVLcGDUE6OWZh0UD3c04bI/l7lSLAgAKr3kngBmhHiQD1QXpwC8ZN5iNqG7a7gOVixhSKQ==",
      "license": "MIT",
      "dependencies": {
        "preact": "~10.12.1"
      }
    },
    "node_modules/@fullcalendar/daygrid": {
      "version": "6.1.21",
      "resolved": "https://registry.npmjs.org/@fullcalendar/daygrid/-/daygrid-6.1.21.tgz",
      "integrity": "sha512-QYb1y40RGYLlOxKpYWg8O+7njEnKnFG8Tt7qjnubJGR35s1phQg67E+81y2TyAbbm59p2JFOCXGDk9t6KDujIA==",
      "license": "MIT",
      "peerDependencies": {
        "@fullcalendar/core": "~6.1.21"
      }
    },
    "node_modules/@fullcalendar/interaction": {
      "version": "6.1.21",
      "resolved": "https://registry.npmjs.org/@fullcalendar/interaction/-/interaction-6.1.21.tgz",
      "integrity": "sha512-WPYpqtljDWmU0Xm2cOtFrLlocgxv7cgkOppj34Q6OUUat8a6Cnd6kYo2JR+irP223PE5lBYHFNp1qh7SIpJc0w==",
      "license": "MIT",
      "peerDependencies": {
        "@fullcalendar/core": "~6.1.21"
      }
    },
    "node_modules/@fullcalendar/list": {
      "version": "6.1.21",
      "resolved": "https://registry.npmjs.org/@fullcalendar/list/-/list-6.1.21.tgz",
      "integrity": "sha512-2rpIhs5pJmV7jyk4oX4bckNqurt6iHcsweE3FDYDdNpmRukPrARnyQYcaVFNVw2bnBFeR/jQW/St2MlauxF3GQ==",
      "license": "MIT",
      "peerDependencies": {
        "@fullcalendar/core": "~6.1.21"
      }
    },
    "node_modules/@fullcalendar/multimonth": {
      "version": "6.1.21",
      "resolved": "https://registry.npmjs.org/@fullcalendar/multimonth/-/multimonth-6.1.21.tgz",
      "integrity": "sha512-/5IZDDcdRzgO/h7V3RBEhzhrza5TIQ2T025IjA2Dfq3xbvxSnMAl2CMcy7VrSHsKaY1eWvxQXg/NZZm7hLmDYA==",
      "license": "MIT",
      "dependencies": {
        "@fullcalendar/daygrid": "~6.1.21"
      },
      "peerDependencies": {
        "@fullcalendar/core": "~6.1.21"
      }
    },
    "node_modules/@fullcalendar/timegrid": {
      "version": "6.1.21",
      "resolved": "https://registry.npmjs.org/@fullcalendar/timegrid/-/timegrid-6.1.21.tgz",
      "integrity": "sha512-2DnShx/jallGmb8QCkr6pAOu/zuPhJrP7+uTrAtSnbqsX7GF3lTxqSeNGkTQwsgF5g/ia8udhQ+JNYaE+TN1cQ==",
      "license": "MIT",
      "dependencies": {
        "@fullcalendar/daygrid": "~6.1.21"
      },
      "peerDependencies": {
        "@fullcalendar/core": "~6.1.21"
      }
    },
    "node_modules/@orchidjs/sifter": {
      "version": "1.1.0",
      "resolved": "https://registry.npmjs.org/@orchidjs/sifter/-/sifter-1.1.0.tgz",
      "integrity": "sha512-mYwHCfr736cIWWdhhSZvDbf90AKt2xyrJspKFC3qyIJG1LtrJeJunYEqCGG4Aq2ijENbc4WkOjszcvNaIAS/pQ==",
      "license": "Apache-2.0",
      "dependencies": {
        "@orchidjs/unicode-variants": "^1.1.2"
      }
    },
    "node_modules/@orchidjs/unicode-variants": {
      "version": "1.1.2",
      "resolved": "https://registry.npmjs.org/@orchidjs/unicode-variants/-/unicode-variants-1.1.2.tgz",
      "integrity": "sha512-5DobW1CHgnBROOEpFlEXytED5OosEWESFvg/VYmH0143oXcijYTprRYJTs+55HzGM4IqxiLFSuqEzu9mPNwVsA==",
      "license": "Apache-2.0"
    },
    "node_modules/@popperjs/core": {
      "version": "2.11.8",
      "resolved": "https://registry.npmjs.org/@popperjs/core/-/core-2.11.8.tgz",
      "integrity": "sha512-P1st0aksCrn9sGZhp8GMYwBnQsbvAWsZAX44oXNNvLHGqAOcoVxmjZiohstwQ7SqKnbR47akdNi+uleWD8+g6A==",
      "license": "MIT",
      "funding": {
        "type": "opencollective",
        "url": "https://opencollective.com/popperjs"
      }
    },
    "node_modules/admin-lte": {
      "version": "4.10.0",
      "resolved": "https://registry.npmjs.org/admin-lte/-/admin-lte-4.10.0.tgz",
      "integrity": "sha512-CIJrStDk3l7d3md9qQWaV1OiIzk3tOUXryAdsWIt5nKex8VO7CL2xAYzMg5X5rjpJ2XcWerkltJT0hlGd1wx3w==",
      "license": "MIT",
      "engines": {
        "node": ">=20"
      },
      "peerDependencies": {
        "bootstrap": "^5.3.8"
      }
    },
    "node_modules/bootstrap": {
      "version": "5.3.8",
      "resolved": "https://registry.npmjs.org/bootstrap/-/bootstrap-5.3.8.tgz",
      "integrity": "sha512-HP1SZDqaLDPwsNiqRqi5NcP0SSXciX2s9E+RyqJIIqGo+vJeN5AJVM98CXmW/Wux0nQ5L7jeWUdplCEf0Ee+tg==",
      "funding": [
        {
          "type": "github",
          "url": "https://github.com/sponsors/twbs"
        },
        {
          "type": "opencollective",
          "url": "https://opencollective.com/bootstrap"
        }
      ],
      "license": "MIT",
      "peerDependencies": {
        "@popperjs/core": "^2.11.8"
      }
    },
    "node_modules/bootstrap-icons": {
      "version": "1.13.1",
      "resolved": "https://registry.npmjs.org/bootstrap-icons/-/bootstrap-icons-1.13.1.tgz",
      "integrity": "sha512-ijombt4v6bv5CLeXvRWKy7CuM3TRTuPEuGaGKvTV5cz65rQSY8RQ2JcHt6b90cBBAC7s8fsf2EkQDldzCoXUjw==",
      "funding": [
        {
          "type": "github",
          "url": "https://github.com/sponsors/twbs"
        },
        {
          "type": "opencollective",
          "url": "https://opencollective.com/bootstrap"
        }
      ],
      "license": "MIT"
    },
    "node_modules/datatables.net": {
      "version": "3.1.3",
      "resolved": "https://registry.npmjs.org/datatables.net/-/datatables.net-3.1.3.tgz",
      "integrity": "sha512-B34/A+KAkKQnl6si+SgmB8grhDepfHDXEFyQxJanqY70dB4ab0pHTF1aHZvLKKruuUoL815/y3YeTSYUr/pAOw==",
      "license": "MIT"
    },
    "node_modules/datatables.net-bs5": {
      "version": "3.1.3",
      "resolved": "https://registry.npmjs.org/datatables.net-bs5/-/datatables.net-bs5-3.1.3.tgz",
      "integrity": "sha512-6ypicbuX5yWBsOjeNPLE1YhxSEK0bhoiyOfutSjrrzzgmybV8HywIXObQb1tWEw24ZNi6/CaL8ZAmIfL466JLQ==",
      "license": "MIT",
      "dependencies": {
        "datatables.net": "3.1.3"
      }
    },
    "node_modules/datatables.net-responsive": {
      "version": "4.1.1",
      "resolved": "https://registry.npmjs.org/datatables.net-responsive/-/datatables.net-responsive-4.1.1.tgz",
      "integrity": "sha512-FTo6k/Ov9ULpprImyupEB/3qr4W+7Ia14l1+dfk9voG4X0J6YaNrxftvumzZamZYcs9PZKDV1LXpDUBT8jnmYQ==",
      "license": "MIT",
      "dependencies": {
        "datatables.net": "^3.1"
      }
    },
    "node_modules/datatables.net-responsive-bs5": {
      "version": "4.1.1",
      "resolved": "https://registry.npmjs.org/datatables.net-responsive-bs5/-/datatables.net-responsive-bs5-4.1.1.tgz",
      "integrity": "sha512-qVApBigzI1L2Mqd4eID44KR0061qxNOB5F+mdAYvfJT1rb79rIsgXjLDFjDQ5eM7qW+iJobClVXGxf3j8JFHsA==",
      "license": "MIT",
      "dependencies": {
        "datatables.net-bs5": "^3.1",
        "datatables.net-responsive": "4.1.1"
      }
    },
    "node_modules/fullcalendar": {
      "version": "6.1.21",
      "resolved": "https://registry.npmjs.org/fullcalendar/-/fullcalendar-6.1.21.tgz",
      "integrity": "sha512-yGZhflQmfCJKmmOlwJcQ0MPNAYABieaiJp9AaRgHBMRIUxNA+VFa6mkIbVNpjdSZIy9AY2HwteTt58tJ+3ktuQ==",
      "license": "MIT",
      "dependencies": {
        "@fullcalendar/core": "~6.1.21",
        "@fullcalendar/daygrid": "~6.1.21",
        "@fullcalendar/interaction": "~6.1.21",
        "@fullcalendar/list": "~6.1.21",
        "@fullcalendar/multimonth": "~6.1.21",
        "@fullcalendar/timegrid": "~6.1.21"
      }
    },
    "node_modules/leaflet": {
      "version": "1.9.4",
      "resolved": "https://registry.npmjs.org/leaflet/-/leaflet-1.9.4.tgz",
      "integrity": "sha512-nxS1ynzJOmOlHp+iL3FyWqK89GtNL8U8rvlMOsQdTTssxZwCXh8N2NB3GDQOL+YR3XnWyZAxwQixURb+FA74PA==",
      "license": "BSD-2-Clause"
    },
    "node_modules/overlayscrollbars": {
      "version": "2.16.0",
      "resolved": "https://registry.npmjs.org/overlayscrollbars/-/overlayscrollbars-2.16.0.tgz",
      "integrity": "sha512-N03oje/q7j93D0aLZtoCdsDSYLmhheSsv8H7oSLE7HhdV9P/bmCURtLV/KbPye7P/bpfyt/obSfDpGUYoJ0OWg==",
      "license": "MIT"
    },
    "node_modules/preact": {
      "version": "10.12.1",
      "resolved": "https://registry.npmjs.org/preact/-/preact-10.12.1.tgz",
      "integrity": "sha512-l8386ixSsBdbreOAkqtrwqHwdvR35ID8c3rKPa8lCWuO86dBi32QWHV4vfsZK1utLLFMvw+Z5Ad4XLkZzchscg==",
      "license": "MIT",
      "funding": {
        "type": "opencollective",
        "url": "https://opencollective.com/preact"
      }
    },
    "node_modules/tom-select": {
      "version": "2.6.2",
      "resolved": "https://registry.npmjs.org/tom-select/-/tom-select-2.6.2.tgz",
      "integrity": "sha512-eiXIkk82XzzUTOVQDFpy+ZGejuqdTvMukyUyeZBQaKnqW42UoTiTZnrod/eX0rkqJEc4rZY9DZ3zdjV07i29wQ==",
      "license": "Apache-2.0",
      "dependencies": {
        "@orchidjs/sifter": "^1.1.0",
        "@orchidjs/unicode-variants": "^1.1.2"
      },
      "engines": {
        "node": "*"
      },
      "funding": {
        "type": "opencollective",
        "url": "https://opencollective.com/tom-select"
      }
    }
  }
}
